
Microsoft Visual Studio Solution File, Format Version 12.00
Project("{FAE04EC0-301F-11D3-BF4B-00C04F79EFBC}") = "u19236931_HW04", "u19236931_HW04.csproj", "{C0CDD579-95A0-47E8-9DC1-4613A662395A}"
EndProject
Global
	GlobalSection(SolutionConfigurationPlatforms) = preSolution
		Debug|Any CPU = Debug|Any CPU
		Release|Any CPU = Release|Any CPU
	EndGlobalSection
	GlobalSection(ProjectConfigurationPlatforms) = postSolution
		{C0CDD579-95A0-47E8-9DC1-4613A662395A}.Debug|Any CPU.ActiveCfg = Debug|Any CPU
		{C0CDD579-95A0-47E8-9DC1-4613A662395A}.Debug|Any CPU.Build.0 = Debug|Any CPU
		{C0CDD579-95A0-47E8-9DC1-4613A662395A}.Release|Any CPU.ActiveCfg = Release|Any CPU
		{C0CDD579-95A0-47E8-9DC1-4613A662395A}.Release|Any CPU.Build.0 = Release|Any CPU
	EndGlobalSection
EndGlobal
